
Microsoft Visual Studio Solution File, Format Version 12.00
# Visual Studio 15
VisualStudioVersion = 15.0.28010.2050
MinimumVisualStudioVersion = 10.0.40219.1
Project("{FAE04EC0-301F-11D3-BF4B-00C04F79EFBC}") = "App_test.Android", "App_test\App_test.Android\App_test.Android.csproj", "{A5C546FB-8F5A-4925-804B-4D22A71797B8}"
EndProject
Project("{FAE04EC0-301F-11D3-BF4B-00C04F79EFBC}") = "App_test.iOS", "App_test\App_test.iOS\App_test.iOS.csproj", "{4003341F-BCAB-45BE-B430-3E0D02E7FD9D}"
EndProject
Project("{9A19103F-16F7-4668-BE54-9A1E7A4F7556}") = "BT_Car", "App_test\App_test\BT_Car.csproj", "{5F7018AF-9F7F-484A-B7AF-8A8633F4D03F}"
EndProject
Global
	GlobalSection(SolutionConfigurationPlatforms) = preSolution
		Ad-Hoc|Any CPU = Ad-Hoc|Any CPU
		Ad-Hoc|iPhone = Ad-Hoc|iPhone
		Ad-Hoc|iPhoneSimulator = Ad-Hoc|iPhoneSimulator
		AppStore|Any CPU = AppStore|Any CPU
		AppStore|iPhone = AppStore|iPhone
		AppStore|iPhoneSimulator = AppStore|iPhoneSimulator
		Debug|Any CPU = Debug|Any CPU
		Debug|iPhone = Debug|iPhone
		Debug|iPhoneSimulator = Debug|iPhoneSimulator
		Release|Any CPU = Release|Any CPU
		Release|iPhone = Release|iPhone
		Release|iPhoneSimulator = Release|iPhoneSimulator
	EndGlobalSection
	GlobalSection(ProjectConfigurationPlatforms) = postSolution
		{A5C546FB-8F5A-4925-804B-4D22A71797B8}.Ad-Hoc|Any CPU.ActiveCfg = Release|Any CPU
		{A5C546FB-8F5A-4925-804B-4D22A71797B8}.Ad-Hoc|Any CPU.Build.0 = Release|Any CPU
		{A5C546FB-8F5A-4925-804B-4D22A71797B8}.Ad-Hoc|Any CPU.Deploy.0 = Release|Any CPU
		{A5C546FB-8F5A-4925-804B-4D22A71797B8}.Ad-Hoc|iPhone.ActiveCfg = Release|Any CPU
		{A5C546FB-8F5A-4925-804B-4D22A71797B8}.Ad-Hoc|iPhone.Build.0 = Release|Any CPU
		{A5C546FB-8F5A-4925-804B-4D22A71797B8}.Ad-Hoc|iPhone.Deploy.0 = Release|Any CPU
		{A5C546FB-8F5A-4925-804B-4D22A71797B8}.Ad-Hoc|iPhoneSimulator.ActiveCfg = Release|Any CPU
		{A5C546FB-8F5A-4925-804B-4D22A71797B8}.Ad-Hoc|iPhoneSimulator.Build.0 = Release|Any CPU
		{A5C546FB-8F5A-4925-804B-4D22A71797B8}.Ad-Hoc|iPhoneSimulator.Deploy.0 = Release|Any CPU
		{A5C546FB-8F5A-4925-804B-4D22A71797B8}.AppStore|Any CPU.ActiveCfg = Release|Any CPU
		{A5C546FB-8F5A-4925-804B-4D22A71797B8}.AppStore|Any CPU.Build.0 = Release|Any CPU
		{A5C546FB-8F5A-4925-804B-4D22A71797B8}.AppStore|Any CPU.Deploy.0 = Release|Any CPU
		{A5C546FB-8F5A-4925-804B-4D22A71797B8}.AppStore|iPhone.ActiveCfg = Release|Any CPU
		{A5C546FB-8F5A-4925-804B-4D22A71797B8}.AppStore|iPhone.Build.0 = Release|Any CPU
		{A5C546FB-8F5A-4925-804B-4D22A71797B8}.AppStore|iPhone.Deploy.0 = Release|Any CPU
		{A5C546FB-8F5A-4925-804B-4D22A71797B8}.AppStore|iPhoneSimulator.ActiveCfg = Release|Any CPU
		{A5C546FB-8F5A-4925-804B-4D22A71797B8}.AppStore|iPhoneSimulator.Build.0 = Release|Any CPU
		{A5C546FB-8F5A-4925-804B-4D22A71797B8}.AppStore|iPhoneSimulator.Deploy.0 = Release|Any CPU
		{A5C546FB-8F5A-4925-804B-4D22A71797B8}.Debug|Any CPU.ActiveCfg = Debug|Any CPU
		{A5C546FB-8F5A-4925-804B-4D22A71797B8}.Debug|Any CPU.Build.0 = Debug|Any CPU
		{A5C546FB-8F5A-4925-804B-4D22A71797B8}.Debug|Any CPU.Deploy.0 = Debug|Any CPU
		{A5C546FB-8F5A-4925-804B-4D22A71797B8}.Debug|iPhone.ActiveCfg = Debug|Any CPU
		{A5C546FB-8F5A-4925-804B-4D22A71797B8}.Debug|iPhone.Build.0 = Debug|Any CPU
		{A5C546FB-8F5A-4925-804B-4D22A71797B8}.Debug|iPhone.Deploy.0 = Debug|Any CPU
		{A5C546FB-8F5A-4925-804B-4D22A71797B8}.Debug|iPhoneSimulator.ActiveCfg = Debug|Any CPU
		{A5C546FB-8F5A-4925-804B-4D22A71797B8}.Debug|iPhoneSimulator.Build.0 = Debug|Any CPU
		{A5C546FB-8F5A-4925-804B-4D22A71797B8}.Debug|iPhoneSimulator.Deploy.0 = Debug|Any CPU
		{A5C546FB-8F5A-4925-804B-4D22A71797B8}.Release|Any CPU.ActiveCfg = Release|Any CPU
		{A5C546FB-8F5A-4925-804B-4D22A71797B8}.Release|Any CPU.Build.0 = Release|Any CPU
		{A5C546FB-8F5A-4925-804B-4D22A71797B8}.Release|Any CPU.Deploy.0 = Release|Any CPU
		{A5C546FB-8F5A-4925-804B-4D22A71797B8}.Release|iPhone.ActiveCfg = Release|Any CPU
		{A5C546FB-8F5A-4925-804B-4D22A71797B8}.Release|iPhone.Build.0 = Release|Any CPU
		{A5C546FB-8F5A-4925-804B-4D22A71797B8}.Release|iPhone.Deploy.0 = Release|Any CPU
		{A5C546FB-8F5A-4925-804B-4D22A71797B8}.Release|iPhoneSimulator.ActiveCfg = Release|Any CPU
		{A5C546FB-8F5A-4925-804B-4D22A71797B8}.Release|iPhoneSimulator.Build.0 = Release|Any CPU
		{A5C546FB-8F5A-4925-804B-4D22A71797B8}.Release|iPhoneSimulator.Deploy.0 = Release|Any CPU
		{4003341F-BCAB-45BE-B430-3E0D02E7FD9D}.Ad-Hoc|Any CPU.ActiveCfg = Ad-Hoc|iPhone
		{4003341F-BCAB-45BE-B430-3E0D02E7FD9D}.Ad-Hoc|Any CPU.Build.0 = Ad-Hoc|iPhone
		{4003341F-BCAB-45BE-B430-3E0D02E7FD9D}.Ad-Hoc|Any CPU.Deploy.0 = Ad-Hoc|iPhone
		{4003341F-BCAB-45BE-B430-3E0D02E7FD9D}.Ad-Hoc|iPhone.ActiveCfg = Ad-Hoc|iPhone
		{4003341F-BCAB-45BE-B430-3E0D02E7FD9D}.Ad-Hoc|iPhone.Build.0 = Ad-Hoc|iPhone
		{4003341F-BCAB-45BE-B430-3E0D02E7FD9D}.Ad-Hoc|iPhone.Deploy.0 = Ad-Hoc|iPhone
		{4003341F-BCAB-45BE-B430-3E0D02E7FD9D}.Ad-Hoc|iPhoneSimulator.ActiveCfg = Ad-Hoc|iPhoneSimulator
		{4003341F-BCAB-45BE-B430-3E0D02E7FD9D}.Ad-Hoc|iPhoneSimulator.Build.0 = Ad-Hoc|iPhoneSimulator
		{4003341F-BCAB-45BE-B430-3E0D02E7FD9D}.Ad-Hoc|iPhoneSimulator.Deploy.0 = Ad-Hoc|iPhoneSimulator
		{4003341F-BCAB-45BE-B430-3E0D02E7FD9D}.AppStore|Any CPU.ActiveCfg = AppStore|iPhone
		{4003341F-BCAB-45BE-B430-3E0D02E7FD9D}.AppStore|Any CPU.Build.0 = AppStore|iPhone
		{4003341F-BCAB-45BE-B430-3E0D02E7FD9D}.AppStore|Any CPU.Deploy.0 = AppStore|iPhone
		{4003341F-BCAB-45BE-B430-3E0D02E7FD9D}.AppStore|iPhone.ActiveCfg = AppStore|iPhone
		{4003341F-BCAB-45BE-B430-3E0D02E7FD9D}.AppStore|iPhone.Build.0 = AppStore|iPhone
		{4003341F-BCAB-45BE-B430-3E0D02E7FD9D}.AppStore|iPhone.Deploy.0 = AppStore|iPhone
		{4003341F-BCAB-45BE-B430-3E0D02E7FD9D}.AppStore|iPhoneSimulator.ActiveCfg = AppStore|iPhoneSimulator
		{4003341F-BCAB-45BE-B430-3E0D02E7FD9D}.AppStore|iPhoneSimulator.Build.0 = AppStore|iPhoneSimulator
		{4003341F-BCAB-45BE-B430-3E0D02E7FD9D}.AppStore|iPhoneSimulator.Deploy.0 = AppStore|iPhoneSimulator
		{4003341F-BCAB-45BE-B430-3E0D02E7FD9D}.Debug|Any CPU.ActiveCfg = Debug|iPhoneSimulator
		{4003341F-BCAB-45BE-B430-3E0D02E7FD9D}.Debug|Any CPU.Build.0 = Debug|iPhoneSimulator
		{4003341F-BCAB-45BE-B430-3E0D02E7FD9D}.Debug|Any CPU.Deploy.0 = Debug|iPhoneSimulator
		{4003341F-BCAB-45BE-B430-3E0D02E7FD9D}.Debug|iPhone.ActiveCfg = Debug|iPhone
		{4003341F-BCAB-45BE-B430-3E0D02E7FD9D}.Debug|iPhone.Build.0 = Debug|iPhone
		{4003341F-BCAB-45BE-B430-3E0D02E7FD9D}.Debug|iPhone.Deploy.0 = Debug|iPhone
		{4003341F-BCAB-45BE-B430-3E0D02E7FD9D}.Debug|iPhoneSimulator.ActiveCfg = Debug|iPhoneSimulator
		{4003341F-BCAB-45BE-B430-3E0D02E7FD9D}.Debug|iPhoneSimulator.Build.0 = Debug|iPhoneSimulator
		{4003341F-BCAB-45BE-B430-3E0D02E7FD9D}.Debug|iPhoneSimulator.Deploy.0 = Debug|iPhoneSimulator
		{4003341F-BCAB-45BE-B430-3E0D02E7FD9D}.Release|Any CPU.ActiveCfg = Release|iPhone
		{4003341F-BCAB-45BE-B430-3E0D02E7FD9D}.Release|Any CPU.Build.0 = Release|iPhone
		{4003341F-BCAB-45BE-B430-3E0D02E7FD9D}.Release|Any CPU.Deploy.0 = Release|iPhone
		{4003341F-BCAB-45BE-B430-3E0D02E7FD9D}.Release|iPhone.ActiveCfg = Release|iPhone
		{4003341F-BCAB-45BE-B430-3E0D02E7FD9D}.Release|iPhone.Build.0 = Release|iPhone
		{4003341F-BCAB-45BE-B430-3E0D02E7FD9D}.Release|iPhone.Deploy.0 = Release|iPhone
		{4003341F-BCAB-45BE-B430-3E0D02E7FD9D}.Release|iPhoneSimulator.ActiveCfg = Release|iPhoneSimulator
		{4003341F-BCAB-45BE-B430-3E0D02E7FD9D}.Release|iPhoneSimulator.Build.0 = Release|iPhoneSimulator
		{4003341F-BCAB-45BE-B430-3E0D02E7FD9D}.Release|iPhoneSimulator.Deploy.0 = Release|iPhoneSimulator
		{5F7018AF-9F7F-484A-B7AF-8A8633F4D03F}.Ad-Hoc|Any CPU.ActiveCfg = Debug|Any CPU
		{5F7018AF-9F7F-484A-B7AF-8A8633F4D03F}.Ad-Hoc|Any CPU.Build.0 = Debug|Any CPU
		{5F7018AF-9F7F-484A-B7AF-8A8633F4D03F}.Ad-Hoc|Any CPU.Deploy.0 = Debug|Any CPU
		{5F7018AF-9F7F-484A-B7AF-8A8633F4D03F}.Ad-Hoc|iPhone.ActiveCfg = Debug|Any CPU
		{5F7018AF-9F7F-484A-B7AF-8A8633F4D03F}.Ad-Hoc|iPhone.Build.0 = Debug|Any CPU
		{5F7018AF-9F7F-484A-B7AF-8A8633F4D03F}.Ad-Hoc|iPhone.Deploy.0 = Debug|Any CPU
		{5F7018AF-9F7F-484A-B7AF-8A8633F4D03F}.Ad-Hoc|iPhoneSimulator.ActiveCfg = Debug|Any CPU
		{5F7018AF-9F7F-484A-B7AF-8A8633F4D03F}.Ad-Hoc|iPhoneSimulator.Build.0 = Debug|Any CPU
		{5F7018AF-9F7F-484A-B7AF-8A8633F4D03F}.Ad-Hoc|iPhoneSimulator.Deploy.0 = Debug|Any CPU
		{5F7018AF-9F7F-484A-B7AF-8A8633F4D03F}.AppStore|Any CPU.ActiveCfg = Debug|Any CPU
		{5F7018AF-9F7F-484A-B7AF-8A8633F4D03F}.AppStore|Any CPU.Build.0 = Debug|Any CPU
		{5F7018AF-9F7F-484A-B7AF-8A8633F4D03F}.AppStore|Any CPU.Deploy.0 = Debug|Any CPU
		{5F7018AF-9F7F-484A-B7AF-8A8633F4D03F}.AppStore|iPhone.ActiveCfg = Debug|Any CPU
		{5F7018AF-9F7F-484A-B7AF-8A8633F4D03F}.AppStore|iPhone.Build.0 = Debug|Any CPU
		{5F7018AF-9F7F-484A-B7AF-8A8633F4D03F}.AppStore|iPhone.Deploy.0 = Debug|Any CPU
		{5F7018AF-9F7F-484A-B7AF-8A8633F4D03F}.AppStore|iPhoneSimulator.ActiveCfg = Debug|Any CPU
		{5F7018AF-9F7F-484A-B7AF-8A8633F4D03F}.AppStore|iPhoneSimulator.Build.0 = Debug|Any CPU
		{5F7018AF-9F7F-484A-B7AF-8A8633F4D03F}.AppStore|iPhoneSimulator.Deploy.0 = Debug|Any CPU
		{5F7018AF-9F7F-484A-B7AF-8A8633F4D03F}.Debug|Any CPU.ActiveCfg = Debug|Any CPU
		{5F7018AF-9F7F-484A-B7AF-8A8633F4D03F}.Debug|Any CPU.Build.0 = Debug|Any CPU
		{5F7018AF-9F7F-484A-B7AF-8A8633F4D03F}.Debug|Any CPU.Deploy.0 = Debug|Any CPU
		{5F7018AF-9F7F-484A-B7AF-8A8633F4D03F}.Debug|iPhone.ActiveCfg = Debug|Any CPU
		{5F7018AF-9F7F-484A-B7AF-8A8633F4D03F}.Debug|iPhone.Build.0 = Debug|Any CPU
		{5F7018AF-9F7F-484A-B7AF-8A8633F4D03F}.Debug|iPhone.Deploy.0 = Debug|Any CPU
		{5F7018AF-9F7F-484A-B7AF-8A8633F4D03F}.Debug|iPhoneSimulator.ActiveCfg = Debug|Any CPU
		{5F7018AF-9F7F-484A-B7AF-8A8633F4D03F}.Debug|iPhoneSimulator.Build.0 = Debug|Any CPU
		{5F7018AF-9F7F-484A-B7AF-8A8633F4D03F}.Debug|iPhoneSimulator.Deploy.0 = Debug|Any CPU
		{5F7018AF-9F7F-484A-B7AF-8A8633F4D03F}.Release|Any CPU.ActiveCfg = Release|Any CPU
		{5F7018AF-9F7F-484A-B7AF-8A8633F4D03F}.Release|Any CPU.Build.0 = Release|Any CPU
		{5F7018AF-9F7F-484A-B7AF-8A8633F4D03F}.Release|Any CPU.Deploy.0 = Release|Any CPU
		{5F7018AF-9F7F-484A-B7AF-8A8633F4D03F}.Release|iPhone.ActiveCfg = Release|Any CPU
		{5F7018AF-9F7F-484A-B7AF-8A8633F4D03F}.Release|iPhone.Build.0 = Release|Any CPU
		{5F7018AF-9F7F-484A-B7AF-8A8633F4D03F}.Release|iPhone.Deploy.0 = Release|Any CPU
		{5F7018AF-9F7F-484A-B7AF-8A8633F4D03F}.Release|iPhoneSimulator.ActiveCfg = Release|Any CPU
		{5F7018AF-9F7F-484A-B7AF-8A8633F4D03F}.Release|iPhoneSimulator.Build.0 = Release|Any CPU
		{5F7018AF-9F7F-484A-B7AF-8A8633F4D03F}.Release|iPhoneSimulator.Deploy.0 = Release|Any CPU
	EndGlobalSection
	GlobalSection(SolutionProperties) = preSolution
		HideSolutionNode = FALSE
	EndGlobalSection
	GlobalSection(ExtensibilityGlobals) = postSolution
		SolutionGuid = {929A2F6C-787E-4FFE-9E02-1AAD0ED21825}
	EndGlobalSection
EndGlobal
